// !$*UTF8*$!
{
	archiveVersion = 1;
	classes = {
	};
	objectVersion = 56;
	objects = {

/* Begin PBXBuildFile section */
		1821957C2A56868B00093BA4 /* ChatBookView.swift in Sources */ = {isa = PBXBuildFile; fileRef = 1821957B2A56868B00093BA4 /* ChatBookView.swift */; };
		182195862A5D64C700093BA4 /* ChatCategoriesView.swift in Sources */ = {isa = PBXBuildFile; fileRef = 182195852A5D64C700093BA4 /* ChatCategoriesView.swift */; };
		182930352C0ECD870030F5E0 /* LoaderView.swift in Sources */ = {isa = PBXBuildFile; fileRef = 182930342C0ECD870030F5E0 /* LoaderView.swift */; };
		18548AB02A610F6D007E9AE6 /* CategoryView.swift in Sources */ = {isa = PBXBuildFile; fileRef = 18548AAF2A610F6D007E9AE6 /* CategoryView.swift */; };
		1858B83A2A724E8300CF9FC3 /* ChatViewModel.swift in Sources */ = {isa = PBXBuildFile; fileRef = 1858B8392A724E8300CF9FC3 /* ChatViewModel.swift */; };
		1858B83C2A724ED000CF9FC3 /* ChatView.swift in Sources */ = {isa = PBXBuildFile; fileRef = 1858B83B2A724ED000CF9FC3 /* ChatView.swift */; };
		1858B83E2A72503F00CF9FC3 /* GenerSelectionView.swift in Sources */ = {isa = PBXBuildFile; fileRef = 1858B83D2A72503F00CF9FC3 /* GenerSelectionView.swift */; };
		1860CCB02C1029110046C194 /* BookGenre.swift in Sources */ = {isa = PBXBuildFile; fileRef = 1860CCAF2C1029110046C194 /* BookGenre.swift */; };
		186328FA2C05CDAD00A0D7CC /* NewIconView.swift in Sources */ = {isa = PBXBuildFile; fileRef = 186328F92C05CDAD00A0D7CC /* NewIconView.swift */; };
		186EEE852BCD7B01007A6F5F /* ChatCategoryViewModel.swift in Sources */ = {isa = PBXBuildFile; fileRef = 186EEE842BCD7B01007A6F5F /* ChatCategoryViewModel.swift */; };
		186EEE892BCD7C5B007A6F5F /* ChatBookViewModel.swift in Sources */ = {isa = PBXBuildFile; fileRef = 186EEE882BCD7C5B007A6F5F /* ChatBookViewModel.swift */; };
		186EEE8C2BCD7D3F007A6F5F /* ChatBlogsViewModel.swift in Sources */ = {isa = PBXBuildFile; fileRef = 186EEE8B2BCD7D3F007A6F5F /* ChatBlogsViewModel.swift */; };
		187BE2F22BEC8607002F3D8C /* CustomColors.swift in Sources */ = {isa = PBXBuildFile; fileRef = 187BE2F12BEC8607002F3D8C /* CustomColors.swift */; };
		187BE3042BF1D922002F3D8C /* DarkButtonStyle.swift in Sources */ = {isa = PBXBuildFile; fileRef = 187BE3032BF1D922002F3D8C /* DarkButtonStyle.swift */; };
		187BE3072BF3168C002F3D8C /* LaunchScreen.swift in Sources */ = {isa = PBXBuildFile; fileRef = 187BE3062BF3168C002F3D8C /* LaunchScreen.swift */; };
		187BE3102BF46B42002F3D8C /* TabViewMain.swift in Sources */ = {isa = PBXBuildFile; fileRef = 187BE30F2BF46B42002F3D8C /* TabViewMain.swift */; };
		187BE3122BF46C24002F3D8C /* Tab.swift in Sources */ = {isa = PBXBuildFile; fileRef = 187BE3112BF46C24002F3D8C /* Tab.swift */; };
		187BE3142BF46D07002F3D8C /* CustomView.swift in Sources */ = {isa = PBXBuildFile; fileRef = 187BE3132BF46D07002F3D8C /* CustomView.swift */; };
		1885B23A2A5FA62C00FE7861 /* ChatBlogs.swift in Sources */ = {isa = PBXBuildFile; fileRef = 1885B2392A5FA62C00FE7861 /* ChatBlogs.swift */; };
		188868E02A66EB3C0048548F /* FavoritesList.swift in Sources */ = {isa = PBXBuildFile; fileRef = 188868DF2A66EB3C0048548F /* FavoritesList.swift */; };
		188AE8682A52C8310094A212 /* GPTApp.swift in Sources */ = {isa = PBXBuildFile; fileRef = 188AE8672A52C8310094A212 /* GPTApp.swift */; };
		188AE86C2A52C8330094A212 /* Assets.xcassets in Resources */ = {isa = PBXBuildFile; fileRef = 188AE86B2A52C8330094A212 /* Assets.xcassets */; };
		188AE8702A52C8330094A212 /* Preview Assets.xcassets in Resources */ = {isa = PBXBuildFile; fileRef = 188AE86F2A52C8330094A212 /* Preview Assets.xcassets */; };
		188AE8792A531C510094A212 /* ChatGPTAPI.swift in Sources */ = {isa = PBXBuildFile; fileRef = 188AE8782A531C510094A212 /* ChatGPTAPI.swift */; };
		188AE87B2A531CF60094A212 /* GPTModels.swift in Sources */ = {isa = PBXBuildFile; fileRef = 188AE87A2A531CF60094A212 /* GPTModels.swift */; };
		188AE87F2A53266F0094A212 /* LoadingView.swift in Sources */ = {isa = PBXBuildFile; fileRef = 188AE87E2A53266F0094A212 /* LoadingView.swift */; };
		188AE8812A53D1E20094A212 /* MessageView.swift in Sources */ = {isa = PBXBuildFile; fileRef = 188AE8802A53D1E20094A212 /* MessageView.swift */; };
		188AE8832A53D2100094A212 /* MessageRow.swift in Sources */ = {isa = PBXBuildFile; fileRef = 188AE8822A53D2100094A212 /* MessageRow.swift */; };
		188AE8872A53E28A0094A212 /* ButtonFind.swift in Sources */ = {isa = PBXBuildFile; fileRef = 188AE8862A53E28A0094A212 /* ButtonFind.swift */; };
		188AE88F2A545AF20094A212 /* MainPage.swift in Sources */ = {isa = PBXBuildFile; fileRef = 188AE88E2A545AF20094A212 /* MainPage.swift */; };
		188AE8992A545CEC0094A212 /* SelectAuthor.swift in Sources */ = {isa = PBXBuildFile; fileRef = 188AE8982A545CEC0094A212 /* SelectAuthor.swift */; };
		188AE89D2A545D400094A212 /* SameBook.swift in Sources */ = {isa = PBXBuildFile; fileRef = 188AE89C2A545D400094A212 /* SameBook.swift */; };
		188AE89F2A545D740094A212 /* ButtonHouse.swift in Sources */ = {isa = PBXBuildFile; fileRef = 188AE89E2A545D740094A212 /* ButtonHouse.swift */; };
		188AE8A12A545DA30094A212 /* WordField.swift in Sources */ = {isa = PBXBuildFile; fileRef = 188AE8A02A545DA30094A212 /* WordField.swift */; };
		189454D22A6A6F3700FCDD88 /* FavoritesViewModel.swift in Sources */ = {isa = PBXBuildFile; fileRef = 189454D12A6A6F3700FCDD88 /* FavoritesViewModel.swift */; };
		18E368B62BFB4AC1002FC40F /* RoundedButtonStyle.swift in Sources */ = {isa = PBXBuildFile; fileRef = 18E368B52BFB4AC1002FC40F /* RoundedButtonStyle.swift */; };
		18E368B82BFB4B41002FC40F /* XmarkButton.swift in Sources */ = {isa = PBXBuildFile; fileRef = 18E368B72BFB4B41002FC40F /* XmarkButton.swift */; };
		18E4BC1F2BCFF42400BBC06F /* GenreSelectionViewModel.swift in Sources */ = {isa = PBXBuildFile; fileRef = 18E4BC1E2BCFF42400BBC06F /* GenreSelectionViewModel.swift */; };
		18E4BC222BCFFA0600BBC06F /* FavoriteItem.swift in Sources */ = {isa = PBXBuildFile; fileRef = 18E4BC212BCFFA0600BBC06F /* FavoriteItem.swift */; };
		18E4BC2A2BD11BA000BBC06F /* CategoriesView.swift in Sources */ = {isa = PBXBuildFile; fileRef = 18E4BC292BD11BA000BBC06F /* CategoriesView.swift */; };
		18E4BC5A2BDAB08800BBC06F /* ChevronView.swift in Sources */ = {isa = PBXBuildFile; fileRef = 18E4BC592BDAB08800BBC06F /* ChevronView.swift */; };
/* End PBXBuildFile section */

/* Begin PBXFileReference section */
		1821957B2A56868B00093BA4 /* ChatBookView.swift */ = {isa = PBXFileReference; lastKnownFileType = sourcecode.swift; path = ChatBookView.swift; sourceTree = "<group>"; };
		182195852A5D64C700093BA4 /* ChatCategoriesView.swift */ = {isa = PBXFileReference; lastKnownFileType = sourcecode.swift; path = ChatCategoriesView.swift; sourceTree = "<group>"; };
		182930342C0ECD870030F5E0 /* LoaderView.swift */ = {isa = PBXFileReference; lastKnownFileType = sourcecode.swift; path = LoaderView.swift; sourceTree = "<group>"; };
		18548AAF2A610F6D007E9AE6 /* CategoryView.swift */ = {isa = PBXFileReference; lastKnownFileType = sourcecode.swift; path = CategoryView.swift; sourceTree = "<group>"; };
		1858B8392A724E8300CF9FC3 /* ChatViewModel.swift */ = {isa = PBXFileReference; lastKnownFileType = sourcecode.swift; path = ChatViewModel.swift; sourceTree = "<group>"; };
		1858B83B2A724ED000CF9FC3 /* ChatView.swift */ = {isa = PBXFileReference; lastKnownFileType = sourcecode.swift; path = ChatView.swift; sourceTree = "<group>"; };
		1858B83D2A72503F00CF9FC3 /* GenerSelectionView.swift */ = {isa = PBXFileReference; lastKnownFileType = sourcecode.swift; path = GenerSelectionView.swift; sourceTree = "<group>"; };
		1860CCAF2C1029110046C194 /* BookGenre.swift */ = {isa = PBXFileReference; lastKnownFileType = sourcecode.swift; path = BookGenre.swift; sourceTree = "<group>"; };
		186328F92C05CDAD00A0D7CC /* NewIconView.swift */ = {isa = PBXFileReference; lastKnownFileType = sourcecode.swift; path = NewIconView.swift; sourceTree = "<group>"; };
		186EEE842BCD7B01007A6F5F /* ChatCategoryViewModel.swift */ = {isa = PBXFileReference; lastKnownFileType = sourcecode.swift; path = ChatCategoryViewModel.swift; sourceTree = "<group>"; };
		186EEE882BCD7C5B007A6F5F /* ChatBookViewModel.swift */ = {isa = PBXFileReference; lastKnownFileType = sourcecode.swift; path = ChatBookViewModel.swift; sourceTree = "<group>"; };
		186EEE8B2BCD7D3F007A6F5F /* ChatBlogsViewModel.swift */ = {isa = PBXFileReference; lastKnownFileType = sourcecode.swift; path = ChatBlogsViewModel.swift; sourceTree = "<group>"; };
		187BE2F12BEC8607002F3D8C /* CustomColors.swift */ = {isa = PBXFileReference; lastKnownFileType = sourcecode.swift; path = CustomColors.swift; sourceTree = "<group>"; };
		187BE3032BF1D922002F3D8C /* DarkButtonStyle.swift */ = {isa = PBXFileReference; lastKnownFileType = sourcecode.swift; path = DarkButtonStyle.swift; sourceTree = "<group>"; };
		187BE3062BF3168C002F3D8C /* LaunchScreen.swift */ = {isa = PBXFileReference; lastKnownFileType = sourcecode.swift; path = LaunchScreen.swift; sourceTree = "<group>"; };
		187BE30F2BF46B42002F3D8C /* TabViewMain.swift */ = {isa = PBXFileReference; lastKnownFileType = sourcecode.swift; path = TabViewMain.swift; sourceTree = "<group>"; };
		187BE3112BF46C24002F3D8C /* Tab.swift */ = {isa = PBXFileReference; lastKnownFileType = sourcecode.swift; path = Tab.swift; sourceTree = "<group>"; };
		187BE3132BF46D07002F3D8C /* CustomView.swift */ = {isa = PBXFileReference; lastKnownFileType = sourcecode.swift; path = CustomView.swift; sourceTree = "<group>"; };
		1885B2392A5FA62C00FE7861 /* ChatBlogs.swift */ = {isa = PBXFileReference; lastKnownFileType = sourcecode.swift; path = ChatBlogs.swift; sourceTree = "<group>"; };
		188868DF2A66EB3C0048548F /* FavoritesList.swift */ = {isa = PBXFileReference; lastKnownFileType = sourcecode.swift; path = FavoritesList.swift; sourceTree = "<group>"; };
		188AE8642A52C8310094A212 /* BookScout.app */ = {isa = PBXFileReference; explicitFileType = wrapper.application; includeInIndex = 0; path = BookScout.app; sourceTree = BUILT_PRODUCTS_DIR; };
		188AE8672A52C8310094A212 /* GPTApp.swift */ = {isa = PBXFileReference; lastKnownFileType = sourcecode.swift; path = GPTApp.swift; sourceTree = "<group>"; };
		188AE86B2A52C8330094A212 /* Assets.xcassets */ = {isa = PBXFileReference; lastKnownFileType = folder.assetcatalog; path = Assets.xcassets; sourceTree = "<group>"; };
		188AE86D2A52C8330094A212 /* GPT.entitlements */ = {isa = PBXFileReference; lastKnownFileType = text.plist.entitlements; path = GPT.entitlements; sourceTree = "<group>"; };
		188AE86F2A52C8330094A212 /* Preview Assets.xcassets */ = {isa = PBXFileReference; lastKnownFileType = folder.assetcatalog; path = "Preview Assets.xcassets"; sourceTree = "<group>"; };
		188AE8782A531C510094A212 /* ChatGPTAPI.swift */ = {isa = PBXFileReference; lastKnownFileType = sourcecode.swift; path = ChatGPTAPI.swift; sourceTree = "<group>"; };
		188AE87A2A531CF60094A212 /* GPTModels.swift */ = {isa = PBXFileReference; lastKnownFileType = sourcecode.swift; path = GPTModels.swift; sourceTree = "<group>"; };
		188AE87E2A53266F0094A212 /* LoadingView.swift */ = {isa = PBXFileReference; lastKnownFileType = sourcecode.swift; path = LoadingView.swift; sourceTree = "<group>"; };
		188AE8802A53D1E20094A212 /* MessageView.swift */ = {isa = PBXFileReference; lastKnownFileType = sourcecode.swift; path = MessageView.swift; sourceTree = "<group>"; };
		188AE8822A53D2100094A212 /* MessageRow.swift */ = {isa = PBXFileReference; lastKnownFileType = sourcecode.swift; path = MessageRow.swift; sourceTree = "<group>"; };
		188AE8862A53E28A0094A212 /* ButtonFind.swift */ = {isa = PBXFileReference; lastKnownFileType = sourcecode.swift; path = ButtonFind.swift; sourceTree = "<group>"; };
		188AE88E2A545AF20094A212 /* MainPage.swift */ = {isa = PBXFileReference; lastKnownFileType = sourcecode.swift; path = MainPage.swift; sourceTree = "<group>"; };
		188AE8982A545CEC0094A212 /* SelectAuthor.swift */ = {isa = PBXFileReference; lastKnownFileType = sourcecode.swift; path = SelectAuthor.swift; sourceTree = "<group>"; };
		188AE89C2A545D400094A212 /* SameBook.swift */ = {isa = PBXFileReference; lastKnownFileType = sourcecode.swift; path = SameBook.swift; sourceTree = "<group>"; };
		188AE89E2A545D740094A212 /* ButtonHouse.swift */ = {isa = PBXFileReference; lastKnownFileType = sourcecode.swift; path = ButtonHouse.swift; sourceTree = "<group>"; };
		188AE8A02A545DA30094A212 /* WordField.swift */ = {isa = PBXFileReference; lastKnownFileType = sourcecode.swift; path = WordField.swift; sourceTree = "<group>"; };
		189454D12A6A6F3700FCDD88 /* FavoritesViewModel.swift */ = {isa = PBXFileReference; lastKnownFileType = sourcecode.swift; path = FavoritesViewModel.swift; sourceTree = "<group>"; };
		18E368B52BFB4AC1002FC40F /* RoundedButtonStyle.swift */ = {isa = PBXFileReference; lastKnownFileType = sourcecode.swift; path = RoundedButtonStyle.swift; sourceTree = "<group>"; };
		18E368B72BFB4B41002FC40F /* XmarkButton.swift */ = {isa = PBXFileReference; lastKnownFileType = sourcecode.swift; path = XmarkButton.swift; sourceTree = "<group>"; };
		18E4BC1E2BCFF42400BBC06F /* GenreSelectionViewModel.swift */ = {isa = PBXFileReference; lastKnownFileType = sourcecode.swift; path = GenreSelectionViewModel.swift; sourceTree = "<group>"; };
		18E4BC212BCFFA0600BBC06F /* FavoriteItem.swift */ = {isa = PBXFileReference; lastKnownFileType = sourcecode.swift; path = FavoriteItem.swift; sourceTree = "<group>"; };
		18E4BC292BD11BA000BBC06F /* CategoriesView.swift */ = {isa = PBXFileReference; lastKnownFileType = sourcecode.swift; path = CategoriesView.swift; sourceTree = "<group>"; };
		18E4BC592BDAB08800BBC06F /* ChevronView.swift */ = {isa = PBXFileReference; lastKnownFileType = sourcecode.swift; path = ChevronView.swift; sourceTree = "<group>"; };
/* End PBXFileReference section */

/* Begin PBXFrameworksBuildPhase section */
		188AE8612A52C8310094A212 /* Frameworks */ = {
			isa = PBXFrameworksBuildPhase;
			buildActionMask = 2147483647;
			files = (
			);
			runOnlyForDeploymentPostprocessing = 0;
		};
/* End PBXFrameworksBuildPhase section */

/* Begin PBXGroup section */
		182195742A566E6D00093BA4 /* auxiliary */ = {
			isa = PBXGroup;
			children = (
				188AE86B2A52C8330094A212 /* Assets.xcassets */,
				187BE2F12BEC8607002F3D8C /* CustomColors.swift */,
				187BE3112BF46C24002F3D8C /* Tab.swift */,
				1860CCAF2C1029110046C194 /* BookGenre.swift */,
			);
			path = auxiliary;
			sourceTree = "<group>";
		};
		1821957A2A567E5700093BA4 /* Main */ = {
			isa = PBXGroup;
			children = (
				188AE88E2A545AF20094A212 /* MainPage.swift */,
				188AE89C2A545D400094A212 /* SameBook.swift */,
				188AE8982A545CEC0094A212 /* SelectAuthor.swift */,
				18E4BC292BD11BA000BBC06F /* CategoriesView.swift */,
			);
			path = Main;
			sourceTree = "<group>";
		};
		18548AB32A650777007E9AE6 /* Chats */ = {
			isa = PBXGroup;
			children = (
				1858B83B2A724ED000CF9FC3 /* ChatView.swift */,
				1885B2392A5FA62C00FE7861 /* ChatBlogs.swift */,
				1821957B2A56868B00093BA4 /* ChatBookView.swift */,
				182195852A5D64C700093BA4 /* ChatCategoriesView.swift */,
			);
			path = Chats;
			sourceTree = "<group>";
		};
		187BE2E02BE5EB05002F3D8C /* ReusedViews */ = {
			isa = PBXGroup;
			children = (
				188AE8802A53D1E20094A212 /* MessageView.swift */,
				188AE89E2A545D740094A212 /* ButtonHouse.swift */,
				188AE87E2A53266F0094A212 /* LoadingView.swift */,
				188AE8862A53E28A0094A212 /* ButtonFind.swift */,
				188AE8A02A545DA30094A212 /* WordField.swift */,
				18E4BC592BDAB08800BBC06F /* ChevronView.swift */,
				18E368B72BFB4B41002FC40F /* XmarkButton.swift */,
			);
			path = ReusedViews;
			sourceTree = "<group>";
		};
		187BE2E82BE8A6C2002F3D8C /* ViewModel */ = {
			isa = PBXGroup;
			children = (
				1858B8392A724E8300CF9FC3 /* ChatViewModel.swift */,
				186EEE8B2BCD7D3F007A6F5F /* ChatBlogsViewModel.swift */,
				186EEE842BCD7B01007A6F5F /* ChatCategoryViewModel.swift */,
				186EEE882BCD7C5B007A6F5F /* ChatBookViewModel.swift */,
				18E4BC1E2BCFF42400BBC06F /* GenreSelectionViewModel.swift */,
				189454D12A6A6F3700FCDD88 /* FavoritesViewModel.swift */,
			);
			path = ViewModel;
			sourceTree = "<group>";
		};
		187BE2E92BE8A71C002F3D8C /* View */ = {
			isa = PBXGroup;
			children = (
				187BE30E2BF46B31002F3D8C /* TabView */,
				187BE3052BF31660002F3D8C /* LaunchScreen */,
				1821957A2A567E5700093BA4 /* Main */,
				18E4BC232BCFFC7600BBC06F /* GenreView */,
				18E4BC242BCFFD3100BBC06F /* AuxiliaryForMain */,
				187BE2E02BE5EB05002F3D8C /* ReusedViews */,
				18548AB32A650777007E9AE6 /* Chats */,
			);
			path = View;
			sourceTree = "<group>";
		};
		187BE3022BF1D8BB002F3D8C /* Design */ = {
			isa = PBXGroup;
			children = (
				187BE3032BF1D922002F3D8C /* DarkButtonStyle.swift */,
				18E368B52BFB4AC1002FC40F /* RoundedButtonStyle.swift */,
			);
			path = Design;
			sourceTree = "<group>";
		};
		187BE3052BF31660002F3D8C /* LaunchScreen */ = {
			isa = PBXGroup;
			children = (
				187BE3062BF3168C002F3D8C /* LaunchScreen.swift */,
				182930342C0ECD870030F5E0 /* LoaderView.swift */,
			);
			path = LaunchScreen;
			sourceTree = "<group>";
		};
		187BE30E2BF46B31002F3D8C /* TabView */ = {
			isa = PBXGroup;
			children = (
				187BE30F2BF46B42002F3D8C /* TabViewMain.swift */,
				187BE3132BF46D07002F3D8C /* CustomView.swift */,
			);
			path = TabView;
			sourceTree = "<group>";
		};
		188AE85B2A52C8310094A212 = {
			isa = PBXGroup;
			children = (
				188AE8662A52C8310094A212 /* GPT */,
				188AE8652A52C8310094A212 /* Products */,
			);
			sourceTree = "<group>";
		};
		188AE8652A52C8310094A212 /* Products */ = {
			isa = PBXGroup;
			children = (
				188AE8642A52C8310094A212 /* BookScout.app */,
			);
			name = Products;
			sourceTree = "<group>";
		};
		188AE8662A52C8310094A212 /* GPT */ = {
			isa = PBXGroup;
			children = (
				187BE3022BF1D8BB002F3D8C /* Design */,
				187BE2E92BE8A71C002F3D8C /* View */,
				187BE2E82BE8A6C2002F3D8C /* ViewModel */,
				18E4BC1A2BCFF18800BBC06F /* Model */,
				18E4BC192BCFF14C00BBC06F /* Network */,
				188AE86D2A52C8330094A212 /* GPT.entitlements */,
				188AE8672A52C8310094A212 /* GPTApp.swift */,
				182195742A566E6D00093BA4 /* auxiliary */,
				188AE86E2A52C8330094A212 /* Preview Content */,
			);
			path = GPT;
			sourceTree = "<group>";
		};
		188AE86E2A52C8330094A212 /* Preview Content */ = {
			isa = PBXGroup;
			children = (
				188AE86F2A52C8330094A212 /* Preview Assets.xcassets */,
			);
			path = "Preview Content";
			sourceTree = "<group>";
		};
		18E4BC192BCFF14C00BBC06F /* Network */ = {
			isa = PBXGroup;
			children = (
				188AE8782A531C510094A212 /* ChatGPTAPI.swift */,
			);
			path = Network;
			sourceTree = "<group>";
		};
		18E4BC1A2BCFF18800BBC06F /* Model */ = {
			isa = PBXGroup;
			children = (
				188AE8822A53D2100094A212 /* MessageRow.swift */,
				188AE87A2A531CF60094A212 /* GPTModels.swift */,
				18E4BC212BCFFA0600BBC06F /* FavoriteItem.swift */,
			);
			path = Model;
			sourceTree = "<group>";
		};
		18E4BC232BCFFC7600BBC06F /* GenreView */ = {
			isa = PBXGroup;
			children = (
				1858B83D2A72503F00CF9FC3 /* GenerSelectionView.swift */,
			);
			path = GenreView;
			sourceTree = "<group>";
		};
		18E4BC242BCFFD3100BBC06F /* AuxiliaryForMain */ = {
			isa = PBXGroup;
			children = (
				186328F92C05CDAD00A0D7CC /* NewIconView.swift */,
				18548AAF2A610F6D007E9AE6 /* CategoryView.swift */,
				188868DF2A66EB3C0048548F /* FavoritesList.swift */,
			);
			path = AuxiliaryForMain;
			sourceTree = "<group>";
		};
/* End PBXGroup section */

/* Begin PBXNativeTarget section */
		188AE8632A52C8310094A212 /* GPT */ = {
			isa = PBXNativeTarget;
			buildConfigurationList = 188AE8732A52C8330094A212 /* Build configuration list for PBXNativeTarget "GPT" */;
			buildPhases = (
				188AE8602A52C8310094A212 /* Sources */,
				188AE8612A52C8310094A212 /* Frameworks */,
				188AE8622A52C8310094A212 /* Resources */,
			);
			buildRules = (
			);
			dependencies = (
			);
			name = GPT;
			productName = GPT;
			productReference = 188AE8642A52C8310094A212 /* BookScout.app */;
			productType = "com.apple.product-type.application";
		};
/* End PBXNativeTarget section */

/* Begin PBXProject section */
		188AE85C2A52C8310094A212 /* Project object */ = {
			isa = PBXProject;
			attributes = {
				BuildIndependentTargetsInParallel = 1;
				LastSwiftUpdateCheck = 1430;
				LastUpgradeCheck = 1430;
				TargetAttributes = {
					188AE8632A52C8310094A212 = {
						CreatedOnToolsVersion = 14.3.1;
					};
				};
			};
			buildConfigurationList = 188AE85F2A52C8310094A212 /* Build configuration list for PBXProject "GPT" */;
			compatibilityVersion = "Xcode 14.0";
			developmentRegion = en;
			hasScannedForEncodings = 0;
			knownRegions = (
				en,
				Base,
			);
			mainGroup = 188AE85B2A52C8310094A212;
			productRefGroup = 188AE8652A52C8310094A212 /* Products */;
			projectDirPath = "";
			projectRoot = "";
			targets = (
				188AE8632A52C8310094A212 /* GPT */,
			);
		};
/* End PBXProject section */

/* Begin PBXResourcesBuildPhase section */
		188AE8622A52C8310094A212 /* Resources */ = {
			isa = PBXResourcesBuildPhase;
			buildActionMask = 2147483647;
			files = (
				188AE8702A52C8330094A212 /* Preview Assets.xcassets in Resources */,
				188AE86C2A52C8330094A212 /* Assets.xcassets in Resources */,
			);
			runOnlyForDeploymentPostprocessing = 0;
		};
/* End PBXResourcesBuildPhase section */

/* Begin PBXSourcesBuildPhase section */
		188AE8602A52C8310094A212 /* Sources */ = {
			isa = PBXSourcesBuildPhase;
			buildActionMask = 2147483647;
			files = (
				187BE3042BF1D922002F3D8C /* DarkButtonStyle.swift in Sources */,
				1821957C2A56868B00093BA4 /* ChatBookView.swift in Sources */,
				188AE8812A53D1E20094A212 /* MessageView.swift in Sources */,
				18548AB02A610F6D007E9AE6 /* CategoryView.swift in Sources */,
				188AE87B2A531CF60094A212 /* GPTModels.swift in Sources */,
				187BE3142BF46D07002F3D8C /* CustomView.swift in Sources */,
				1858B83A2A724E8300CF9FC3 /* ChatViewModel.swift in Sources */,
				18E4BC1F2BCFF42400BBC06F /* GenreSelectionViewModel.swift in Sources */,
				18E4BC2A2BD11BA000BBC06F /* CategoriesView.swift in Sources */,
				187BE3122BF46C24002F3D8C /* Tab.swift in Sources */,
				1885B23A2A5FA62C00FE7861 /* ChatBlogs.swift in Sources */,
				188AE89F2A545D740094A212 /* ButtonHouse.swift in Sources */,
				188AE8792A531C510094A212 /* ChatGPTAPI.swift in Sources */,
				1860CCB02C1029110046C194 /* BookGenre.swift in Sources */,
				188AE8A12A545DA30094A212 /* WordField.swift in Sources */,
				186EEE852BCD7B01007A6F5F /* ChatCategoryViewModel.swift in Sources */,
				187BE3102BF46B42002F3D8C /* TabViewMain.swift in Sources */,
				186328FA2C05CDAD00A0D7CC /* NewIconView.swift in Sources */,
				188AE8872A53E28A0094A212 /* ButtonFind.swift in Sources */,
				188AE8992A545CEC0094A212 /* SelectAuthor.swift in Sources */,
				188AE8832A53D2100094A212 /* MessageRow.swift in Sources */,
				187BE3072BF3168C002F3D8C /* LaunchScreen.swift in Sources */,
				182195862A5D64C700093BA4 /* ChatCategoriesView.swift in Sources */,
				1858B83E2A72503F00CF9FC3 /* GenerSelectionView.swift in Sources */,
				188AE89D2A545D400094A212 /* SameBook.swift in Sources */,
				189454D22A6A6F3700FCDD88 /* FavoritesViewModel.swift in Sources */,
				188AE87F2A53266F0094A212 /* LoadingView.swift in Sources */,
				188AE8682A52C8310094A212 /* GPTApp.swift in Sources */,
				1858B83C2A724ED000CF9FC3 /* ChatView.swift in Sources */,
				182930352C0ECD870030F5E0 /* LoaderView.swift in Sources */,
				18E368B82BFB4B41002FC40F /* XmarkButton.swift in Sources */,
				187BE2F22BEC8607002F3D8C /* CustomColors.swift in Sources */,
				18E368B62BFB4AC1002FC40F /* RoundedButtonStyle.swift in Sources */,
				186EEE8C2BCD7D3F007A6F5F /* ChatBlogsViewModel.swift in Sources */,
				18E4BC222BCFFA0600BBC06F /* FavoriteItem.swift in Sources */,
				188AE88F2A545AF20094A212 /* MainPage.swift in Sources */,
				18E4BC5A2BDAB08800BBC06F /* ChevronView.swift in Sources */,
				186EEE892BCD7C5B007A6F5F /* ChatBookViewModel.swift in Sources */,
				188868E02A66EB3C0048548F /* FavoritesList.swift in Sources */,
			);
			runOnlyForDeploymentPostprocessing = 0;
		};
/* End PBXSourcesBuildPhase section */

/* Begin XCBuildConfiguration section */
		188AE8712A52C8330094A212 /* Debug */ = {
			isa = XCBuildConfiguration;
			buildSettings = {
				ALWAYS_SEARCH_USER_PATHS = NO;
				CLANG_ANALYZER_NONNULL = YES;
				CLANG_ANALYZER_NUMBER_OBJECT_CONVERSION = YES_AGGRESSIVE;
				CLANG_CXX_LANGUAGE_STANDARD = "gnu++20";
				CLANG_ENABLE_MODULES = YES;
				CLANG_ENABLE_OBJC_ARC = YES;
				CLANG_ENABLE_OBJC_WEAK = YES;
				CLANG_WARN_BLOCK_CAPTURE_AUTORELEASING = YES;
				CLANG_WARN_BOOL_CONVERSION = YES;
				CLANG_WARN_COMMA = YES;
				CLANG_WARN_CONSTANT_CONVERSION = YES;
				CLANG_WARN_DEPRECATED_OBJC_IMPLEMENTATIONS = YES;
				CLANG_WARN_DIRECT_OBJC_ISA_USAGE = YES_ERROR;
				CLANG_WARN_DOCUMENTATION_COMMENTS = YES;
				CLANG_WARN_EMPTY_BODY = YES;
				CLANG_WARN_ENUM_CONVERSION = YES;
				CLANG_WARN_INFINITE_RECURSION = YES;
				CLANG_WARN_INT_CONVERSION = YES;
				CLANG_WARN_NON_LITERAL_NULL_CONVERSION = YES;
				CLANG_WARN_OBJC_IMPLICIT_RETAIN_SELF = YES;
				CLANG_WARN_OBJC_LITERAL_CONVERSION = YES;
				CLANG_WARN_OBJC_ROOT_CLASS = YES_ERROR;
				CLANG_WARN_QUOTED_INCLUDE_IN_FRAMEWORK_HEADER = YES;
				CLANG_WARN_RANGE_LOOP_ANALYSIS = YES;
				CLANG_WARN_STRICT_PROTOTYPES = YES;
				CLANG_WARN_SUSPICIOUS_MOVE = YES;
				CLANG_WARN_UNGUARDED_AVAILABILITY = YES_AGGRESSIVE;
				CLANG_WARN_UNREACHABLE_CODE = YES;
				CLANG_WARN__DUPLICATE_METHOD_MATCH = YES;
				COPY_PHASE_STRIP = NO;
				DEBUG_INFORMATION_FORMAT = dwarf;
				ENABLE_STRICT_OBJC_MSGSEND = YES;
				ENABLE_TESTABILITY = YES;
				GCC_C_LANGUAGE_STANDARD = gnu11;
				GCC_DYNAMIC_NO_PIC = NO;
				GCC_NO_COMMON_BLOCKS = YES;
				GCC_OPTIMIZATION_LEVEL = 0;
				GCC_PREPROCESSOR_DEFINITIONS = (
					"DEBUG=1",
					"$(inherited)",
				);
				GCC_WARN_64_TO_32_BIT_CONVERSION = YES;
				GCC_WARN_ABOUT_RETURN_TYPE = YES_ERROR;
				GCC_WARN_UNDECLARED_SELECTOR = YES;
				GCC_WARN_UNINITIALIZED_AUTOS = YES_AGGRESSIVE;
				GCC_WARN_UNUSED_FUNCTION = YES;
				GCC_WARN_UNUSED_VARIABLE = YES;
				MTL_ENABLE_DEBUG_INFO = INCLUDE_SOURCE;
				MTL_FAST_MATH = YES;
				ONLY_ACTIVE_ARCH = YES;
				SWIFT_ACTIVE_COMPILATION_CONDITIONS = DEBUG;
				SWIFT_OPTIMIZATION_LEVEL = "-Onone";
			};
			name = Debug;
		};
		188AE8722A52C8330094A212 /* Release */ = {
			isa = XCBuildConfiguration;
			buildSettings = {
				ALWAYS_SEARCH_USER_PATHS = NO;
				CLANG_ANALYZER_NONNULL = YES;
				CLANG_ANALYZER_NUMBER_OBJECT_CONVERSION = YES_AGGRESSIVE;
				CLANG_CXX_LANGUAGE_STANDARD = "gnu++20";
				CLANG_ENABLE_MODULES = YES;
				CLANG_ENABLE_OBJC_ARC = YES;
				CLANG_ENABLE_OBJC_WEAK = YES;
				CLANG_WARN_BLOCK_CAPTURE_AUTORELEASING = YES;
				CLANG_WARN_BOOL_CONVERSION = YES;
				CLANG_WARN_COMMA = YES;
				CLANG_WARN_CONSTANT_CONVERSION = YES;
				CLANG_WARN_DEPRECATED_OBJC_IMPLEMENTATIONS = YES;
				CLANG_WARN_DIRECT_OBJC_ISA_USAGE = YES_ERROR;
				CLANG_WARN_DOCUMENTATION_COMMENTS = YES;
				CLANG_WARN_EMPTY_BODY = YES;
				CLANG_WARN_ENUM_CONVERSION = YES;
				CLANG_WARN_INFINITE_RECURSION = YES;
				CLANG_WARN_INT_CONVERSION = YES;
				CLANG_WARN_NON_LITERAL_NULL_CONVERSION = YES;
				CLANG_WARN_OBJC_IMPLICIT_RETAIN_SELF = YES;
				CLANG_WARN_OBJC_LITERAL_CONVERSION = YES;
				CLANG_WARN_OBJC_ROOT_CLASS = YES_ERROR;
				CLANG_WARN_QUOTED_INCLUDE_IN_FRAMEWORK_HEADER = YES;
				CLANG_WARN_RANGE_LOOP_ANALYSIS = YES;
				CLANG_WARN_STRICT_PROTOTYPES = YES;
				CLANG_WARN_SUSPICIOUS_MOVE = YES;
				CLANG_WARN_UNGUARDED_AVAILABILITY = YES_AGGRESSIVE;
				CLANG_WARN_UNREACHABLE_CODE = YES;
				CLANG_WARN__DUPLICATE_METHOD_MATCH = YES;
				COPY_PHASE_STRIP = NO;
				DEBUG_INFORMATION_FORMAT = "dwarf-with-dsym";
				ENABLE_NS_ASSERTIONS = NO;
				ENABLE_STRICT_OBJC_MSGSEND = YES;
				GCC_C_LANGUAGE_STANDARD = gnu11;
				GCC_NO_COMMON_BLOCKS = YES;
				GCC_WARN_64_TO_32_BIT_CONVERSION = YES;
				GCC_WARN_ABOUT_RETURN_TYPE = YES_ERROR;
				GCC_WARN_UNDECLARED_SELECTOR = YES;
				GCC_WARN_UNINITIALIZED_AUTOS = YES_AGGRESSIVE;
				GCC_WARN_UNUSED_FUNCTION = YES;
				GCC_WARN_UNUSED_VARIABLE = YES;
				MTL_ENABLE_DEBUG_INFO = NO;
				MTL_FAST_MATH = YES;
				SWIFT_COMPILATION_MODE = wholemodule;
				SWIFT_OPTIMIZATION_LEVEL = "-O";
			};
			name = Release;
		};
		188AE8742A52C8330094A212 /* Debug */ = {
			isa = XCBuildConfiguration;
			buildSettings = {
				ASSETCATALOG_COMPILER_APPICON_NAME = AppIcon;
				ASSETCATALOG_COMPILER_GLOBAL_ACCENT_COLOR_NAME = AccentColor;
				CODE_SIGN_ENTITLEMENTS = GPT/GPT.entitlements;
				CODE_SIGN_STYLE = Manual;
				CURRENT_PROJECT_VERSION = 1;
				DEVELOPMENT_ASSET_PATHS = "\"GPT/Preview Content\"";
				DEVELOPMENT_TEAM = "";
				"DEVELOPMENT_TEAM[sdk=iphoneos*]" = Q6C24TAU3W;
				ENABLE_HARDENED_RUNTIME = YES;
				ENABLE_PREVIEWS = YES;
				GENERATE_INFOPLIST_FILE = YES;
				"INFOPLIST_KEY_UIApplicationSceneManifest_Generation[sdk=iphoneos*]" = YES;
				"INFOPLIST_KEY_UIApplicationSceneManifest_Generation[sdk=iphonesimulator*]" = YES;
				"INFOPLIST_KEY_UIApplicationSupportsIndirectInputEvents[sdk=iphoneos*]" = YES;
				"INFOPLIST_KEY_UIApplicationSupportsIndirectInputEvents[sdk=iphonesimulator*]" = YES;
				"INFOPLIST_KEY_UILaunchScreen_Generation[sdk=iphoneos*]" = YES;
				"INFOPLIST_KEY_UILaunchScreen_Generation[sdk=iphonesimulator*]" = YES;
				INFOPLIST_KEY_UILaunchStoryboardName = "";
				"INFOPLIST_KEY_UIStatusBarStyle[sdk=iphoneos*]" = UIStatusBarStyleDefault;
				"INFOPLIST_KEY_UIStatusBarStyle[sdk=iphonesimulator*]" = UIStatusBarStyleDefault;
				INFOPLIST_KEY_UISupportedInterfaceOrientations = UIInterfaceOrientationPortrait;
				IPHONEOS_DEPLOYMENT_TARGET = 16.1;
				LD_RUNPATH_SEARCH_PATHS = "@executable_path/Frameworks";
				"LD_RUNPATH_SEARCH_PATHS[sdk=macosx*]" = "@executable_path/../Frameworks";
				MARKETING_VERSION = 1.0.0;
				PRODUCT_BUNDLE_IDENTIFIER = com.nf2023.bookscout;
				PRODUCT_NAME = BookScout;
				PROVISIONING_PROFILE_SPECIFIER = "";
				"PROVISIONING_PROFILE_SPECIFIER[sdk=iphoneos*]" = "Book Scout App Store Distribution";
				SDKROOT = auto;
				SUPPORTED_PLATFORMS = "iphoneos iphonesimulator";
				SUPPORTS_MACCATALYST = NO;
				SUPPORTS_MAC_DESIGNED_FOR_IPHONE_IPAD = NO;
				SWIFT_EMIT_LOC_STRINGS = YES;
				SWIFT_VERSION = 5.0;
				TARGETED_DEVICE_FAMILY = 1;
			};
			name = Debug;
		};
		188AE8752A52C8330094A212 /* Release */ = {
			isa = XCBuildConfiguration;
			buildSettings = {
				ASSETCATALOG_COMPILER_APPICON_NAME = AppIcon;
				ASSETCATALOG_COMPILER_GLOBAL_ACCENT_COLOR_NAME = AccentColor;
				CODE_SIGN_ENTITLEMENTS = GPT/GPT.entitlements;
				CODE_SIGN_IDENTITY = "Apple Development";
				"CODE_SIGN_IDENTITY[sdk=iphoneos*]" = "iPhone Distribution";
				CODE_SIGN_STYLE = Manual;
				CURRENT_PROJECT_VERSION = 1;
				DEVELOPMENT_ASSET_PATHS = "\"GPT/Preview Content\"";
				DEVELOPMENT_TEAM = "";
				"DEVELOPMENT_TEAM[sdk=iphoneos*]" = Q6C24TAU3W;
				ENABLE_HARDENED_RUNTIME = YES;
				ENABLE_PREVIEWS = YES;
				GENERATE_INFOPLIST_FILE = YES;
				"INFOPLIST_KEY_UIApplicationSceneManifest_Generation[sdk=iphoneos*]" = YES;
				"INFOPLIST_KEY_UIApplicationSceneManifest_Generation[sdk=iphonesimulator*]" = YES;
				"INFOPLIST_KEY_UIApplicationSupportsIndirectInputEvents[sdk=iphoneos*]" = YES;
				"INFOPLIST_KEY_UIApplicationSupportsIndirectInputEvents[sdk=iphonesimulator*]" = YES;
				"INFOPLIST_KEY_UILaunchScreen_Generation[sdk=iphoneos*]" = YES;
				"INFOPLIST_KEY_UILaunchScreen_Generation[sdk=iphonesimulator*]" = YES;
				INFOPLIST_KEY_UILaunchStoryboardName = "";
				"INFOPLIST_KEY_UIStatusBarStyle[sdk=iphoneos*]" = UIStatusBarStyleDefault;
				"INFOPLIST_KEY_UIStatusBarStyle[sdk=iphonesimulator*]" = UIStatusBarStyleDefault;
				INFOPLIST_KEY_UISupportedInterfaceOrientations = UIInterfaceOrientationPortrait;
				IPHONEOS_DEPLOYMENT_TARGET = 16.1;
				LD_RUNPATH_SEARCH_PATHS = "@executable_path/Frameworks";
				"LD_RUNPATH_SEARCH_PATHS[sdk=macosx*]" = "@executable_path/../Frameworks";
				MARKETING_VERSION = 1.0.0;
				PRODUCT_BUNDLE_IDENTIFIER = com.nf2023.bookscout;
				PRODUCT_NAME = BookScout;
				PROVISIONING_PROFILE_SPECIFIER = "";
				"PROVISIONING_PROFILE_SPECIFIER[sdk=iphoneos*]" = "Book Scout App Store Distribution";
				SDKROOT = auto;
				SUPPORTED_PLATFORMS = "iphoneos iphonesimulator";
				SUPPORTS_MACCATALYST = NO;
				SUPPORTS_MAC_DESIGNED_FOR_IPHONE_IPAD = NO;
				SWIFT_EMIT_LOC_STRINGS = YES;
				SWIFT_VERSION = 5.0;
				TARGETED_DEVICE_FAMILY = 1;
			};
			name = Release;
		};
/* End XCBuildConfiguration section */

/* Begin XCConfigurationList section */
		188AE85F2A52C8310094A212 /* Build configuration list for PBXProject "GPT" */ = {
			isa = XCConfigurationList;
			buildConfigurations = (
				188AE8712A52C8330094A212 /* Debug */,
				188AE8722A52C8330094A212 /* Release */,
			);
			defaultConfigurationIsVisible = 0;
			defaultConfigurationName = Release;
		};
		188AE8732A52C8330094A212 /* Build configuration list for PBXNativeTarget "GPT" */ = {
			isa = XCConfigurationList;
			buildConfigurations = (
				188AE8742A52C8330094A212 /* Debug */,
				188AE8752A52C8330094A212 /* Release */,
			);
			defaultConfigurationIsVisible = 0;
			defaultConfigurationName = Release;
		};
/* End XCConfigurationList section */
	};
	rootObject = 188AE85C2A52C8310094A212 /* Project object */;
}
